
Microsoft Visual Studio Solution File, Format Version 12.00
# Visual Studio Version 17
VisualStudioVersion = 17.7.34024.191
MinimumVisualStudioVersion = 10.0.40219.1
Project("{FAE04EC0-301F-11D3-BF4B-00C04F79EFBC}") = "Instituto", "Instituto.csproj", "{FC763F79-5EFB-4E1D-9F26-C2D0B8EA5C0E}"
EndProject
Global
	GlobalSection(SolutionConfigurationPlatforms) = preSolution
		Debug|Any CPU = Debug|Any CPU
		Release|Any CPU = Release|Any CPU
	EndGlobalSection
	GlobalSection(ProjectConfigurationPlatforms) = postSolution
		{FC763F79-5EFB-4E1D-9F26-C2D0B8EA5C0E}.Debug|Any CPU.ActiveCfg = Debug|Any CPU
		{FC763F79-5EFB-4E1D-9F26-C2D0B8EA5C0E}.Debug|Any CPU.Build.0 = Debug|Any CPU
		{FC763F79-5EFB-4E1D-9F26-C2D0B8EA5C0E}.Release|Any CPU.ActiveCfg = Release|Any CPU
		{FC763F79-5EFB-4E1D-9F26-C2D0B8EA5C0E}.Release|Any CPU.Build.0 = Release|Any CPU
	EndGlobalSection
	GlobalSection(SolutionProperties) = preSolution
		HideSolutionNode = FALSE
	EndGlobalSection
	GlobalSection(ExtensibilityGlobals) = postSolution
		SolutionGuid = {B15DD817-224E-4FAF-9988-9853DDAC7474}
	EndGlobalSection
EndGlobal
